{
  "name": "vlpds-migrate-e2e",
  "lockfileVersion": 3,
  "requires": true,
  "packages": {
    "": {
      "name": "vlpds-migrate-e2e",
      "dependencies": {
        "@atproto/crypto": "0.0.0-spaces-alpha-20261001173819",
        "@atproto/space": "0.0.0-spaces-alpha-20261001173819",
        "playwright": "1.63.0"
      }
    },
    "node_modules/@atproto/car": {
      "version": "0.0.0-spaces-alpha-20261001173819",
      "resolved": "https://registry.npmjs.org/@atproto/car/-/car-0.0.0-spaces-alpha-20261001173819.tgz",
      "integrity": "sha512-9uNMXCODU323AvoElPQdn69PEY9b955+z8PqfvWE292d5cQZULV62xLw9K9+BKvHEUVXRZC8xgFHvRSSMbEQRw==",
      "license": "MIT",
      "dependencies": {
        "@atproto/lex-cbor": "^0.0.0-spaces-alpha-20261001173819",
        "@atproto/lex-data": "^0.0.0-spaces-alpha-20261001173819",
        "tslib": "^2.8.1",
        "varint": "^6.0.0"
      },
      "engines": {
        "node": ">=22"
      }
    },
    "node_modules/@atproto/crypto": {
      "version": "0.0.0-spaces-alpha-20261001173819",
      "resolved": "https://registry.npmjs.org/@atproto/crypto/-/crypto-0.0.0-spaces-alpha-20261001173819.tgz",
      "integrity": "sha512-VlTQayUz1UYtfy1TLbc+I1/9CpeRt2hRuidPyifuIfRx9BLXgsju7bkwuAIF/LRg0XYo8enh+T+k0ASW248ZEQ==",
      "license": "MIT",
      "dependencies": {
        "@noble/curves": "^1.7.0",
        "@noble/hashes": "^1.6.1",
        "uint8arrays": "^5.0.0"
      },
      "engines": {
        "node": ">=22"
      }
    },
    "node_modules/@atproto/lex-cbor": {
      "version": "0.0.0-spaces-alpha-20261001173819",
      "resolved": "https://registry.npmjs.org/@atproto/lex-cbor/-/lex-cbor-0.0.0-spaces-alpha-20261001173819.tgz",
      "integrity": "sha512-+VermzWBi/zbT6ttimZKUdoojlgfuMHw394TB1lvt3PnIe4sdiYIxRgweSPquxYvrOxJVPTTDDtRRTg6X96V3A==",
      "license": "MIT",
      "dependencies": {
        "@atproto/lex-data": "^0.0.0-spaces-alpha-20261001173819",
        "cborg": "^4.5.8",
        "tslib": "^2.8.1"
      },
      "engines": {
        "node": ">=22"
      }
    },
    "node_modules/@atproto/lex-data": {
      "version": "0.0.0-spaces-alpha-20261001173819",
      "resolved": "https://registry.npmjs.org/@atproto/lex-data/-/lex-data-0.0.0-spaces-alpha-20261001173819.tgz",
      "integrity": "sha512-DmK6vvSBtMGfjF5j0+ogY0hXRlud4TclU6IgDrG0vZ1VU/59N2sDu++b2ZThReyoFJ4erSf2nfCSm4EKQSu33Q==",
      "license": "MIT",
      "dependencies": {
        "multiformats": "^13.0.0",
        "tslib": "^2.8.1",
        "unicode-segmenter": "^0.14.0"
      },
      "engines": {
        "node": ">=22"
      }
    },
    "node_modules/@atproto/space": {
      "version": "0.0.0-spaces-alpha-20261001173819",
      "resolved": "https://registry.npmjs.org/@atproto/space/-/space-0.0.0-spaces-alpha-20261001173819.tgz",
      "integrity": "sha512-JDK/J0LeVk2qBNYFGF13lO7+8xci5fsuEzTY8nYyy1VZpVashOsNA4dH1ctqJZDG1IIQNZ2rvGiNwL9m7hghPQ==",
      "license": "MIT",
      "dependencies": {
        "@atproto/car": "^0.0.0-spaces-alpha-20261001173819",
        "@atproto/crypto": "^0.0.0-spaces-alpha-20261001173819",
        "@atproto/lex-cbor": "^0.0.0-spaces-alpha-20261001173819",
        "@atproto/lex-data": "^0.0.0-spaces-alpha-20261001173819",
        "@atproto/syntax": "^0.0.0-spaces-alpha-20261001173819",
        "@noble/hashes": "^1.6.1",
        "structured-headers": "^1.0.1",
        "zod": "^3.23.8"
      },
      "engines": {
        "node": ">=22"
      }
    },
    "node_modules/@atproto/syntax": {
      "version": "0.0.0-spaces-alpha-20261001173819",
      "resolved": "https://registry.npmjs.org/@atproto/syntax/-/syntax-0.0.0-spaces-alpha-20261001173819.tgz",
      "integrity": "sha512-RqH53yPZGM1iYDI4KinCNL4Nketi+4NkOaU04aRZz6XbywCYAS8r3giKnu1nU/UXKrKyJ9npqCJ31DA49/4Q5Q==",
      "license": "MIT",
      "dependencies": {
        "iso-datestring-validator": "^2.2.2",
        "tslib": "^2.8.1"
      },
      "engines": {
        "node": ">=22"
      }
    },
    "node_modules/@noble/curves": {
      "version": "1.9.7",
      "resolved": "https://registry.npmjs.org/@noble/curves/-/curves-1.9.7.tgz",
      "integrity": "sha512-gbKGcRUYIjA3/zCCNaWDciTMFI0dCkvou3TL8Zmy5Nc7sJ47a0jtOeZoTaMxkuqRo9cRhjOdZJXegxYE5FN/xw==",
      "license": "MIT",
      "dependencies": {
        "@noble/hashes": "1.8.0"
      },
      "engines": {
        "node": "^14.21.3 || >=16"
      },
      "funding": {
        "url": "https://paulmillr.com/funding/"
      }
    },
    "node_modules/@noble/hashes": {
      "version": "1.8.0",
      "resolved": "https://registry.npmjs.org/@noble/hashes/-/hashes-1.8.0.tgz",
      "integrity": "sha512-jCs9ldd7NwzpgXDIf6P3+NrHh9/sD6CQdxHyjQI+h/6rDNo88ypBxxz45UDuZHz9r3tNz7N/VInSVoVdtXEI4A==",
      "license": "MIT",
      "engines": {
        "node": "^14.21.3 || >=16"
      },
      "funding": {
        "url": "https://paulmillr.com/funding/"
      }
    },
    "node_modules/cborg": {
      "version": "4.5.8",
      "resolved": "https://registry.npmjs.org/cborg/-/cborg-4.5.8.tgz",
      "integrity": "sha512-6/viltD51JklRhq4L7jC3zgy6gryuG5xfZ3kzpE+PravtyeQLeQmCYLREhQH7pWENg5pY4Yu/XCd6a7dKScVlw==",
      "license": "Apache-2.0",
      "bin": {
        "cborg": "lib/bin.js"
      }
    },
    "node_modules/iso-datestring-validator": {
      "version": "2.2.2",
      "resolved": "https://registry.npmjs.org/iso-datestring-validator/-/iso-datestring-validator-2.2.2.tgz",
      "integrity": "sha512-yLEMkBbLZTlVQqOnQ4FiMujR6T4DEcCb1xizmvXS+OxuhwcbtynoosRzdMA69zZCShCNAbi+gJ71FxZBBXx1SA==",
      "license": "MIT"
    },
    "node_modules/multiformats": {
      "version": "13.4.2",
      "resolved": "https://registry.npmjs.org/multiformats/-/multiformats-13.4.2.tgz",
      "integrity": "sha512-eh6eHCrRi1+POZ3dA+Dq1C6jhP1GNtr9CRINMb67OKzqW9I5DUuZM/3jLPlzhgpGeiNUlEGEbkCYChXMCc/8DQ==",
      "license": "Apache-2.0 OR MIT"
    },
    "node_modules/playwright": {
      "version": "1.63.0",
      "resolved": "https://registry.npmjs.org/playwright/-/playwright-1.63.0.tgz",
      "integrity": "sha512-+7ziBLidS4NaNCdt57SUDT+wYmmd5fmiQejUic/kb+YsYSCPyOOE9sebzMjNmQrsnNpDJqd4WHvV/8lfKfUDUg==",
      "license": "Apache-2.0",
      "dependencies": {
        "playwright-core": "1.63.0"
      },
      "bin": {
        "playwright": "cli.js"
      },
      "engines": {
        "node": ">=20"
      }
    },
    "node_modules/playwright-core": {
      "version": "1.63.0",
      "resolved": "https://registry.npmjs.org/playwright-core/-/playwright-core-1.63.0.tgz",
      "integrity": "sha512-rYCsBF/M5HjUch52bbtVONEFjv6Xu8sm8h72dNlR5bzIE1fvC/bxgspzkjSfU+MweEMmPM8KJebG6nnyxo5mCg==",
      "license": "Apache-2.0",
      "bin": {
        "playwright-core": "cli.js"
      },
      "engines": {
        "node": ">=20"
      }
    },
    "node_modules/structured-headers": {
      "version": "1.0.1",
      "resolved": "https://registry.npmjs.org/structured-headers/-/structured-headers-1.0.1.tgz",
      "integrity": "sha512-QYBxdBtA4Tl5rFPuqmbmdrS9kbtren74RTJTcs0VSQNVV5iRhJD4QlYTLD0+81SBwUQctjEQzjTRI3WG4DzICA==",
      "license": "MIT",
      "engines": {
        "node": ">= 14",
        "npm": ">=6"
      }
    },
    "node_modules/tslib": {
      "version": "2.8.1",
      "resolved": "https://registry.npmjs.org/tslib/-/tslib-2.8.1.tgz",
      "integrity": "sha512-oJFu94HQb+KVduSUQL7wnpmqnfmLsOA/nAh6b6EH0wCEoK0/mPeXU6c3wKDV83MkOuHPRHtSXKKU99IBazS/2w==",
      "license": "0BSD"
    },
    "node_modules/uint8arrays": {
      "version": "5.1.1",
      "resolved": "https://registry.npmjs.org/uint8arrays/-/uint8arrays-5.1.1.tgz",
      "integrity": "sha512-9muQwa4wZG4dKi9gMAIBtnk2Pw87SRpvWTH6lOGm19V2Uqxr4uomUf2PGqPnWc+qs06sN8owUU4jfcoWOcfwVQ==",
      "license": "Apache-2.0 OR MIT",
      "dependencies": {
        "multiformats": "^13.0.0"
      }
    },
    "node_modules/unicode-segmenter": {
      "version": "0.14.5",
      "resolved": "https://registry.npmjs.org/unicode-segmenter/-/unicode-segmenter-0.14.5.tgz",
      "integrity": "sha512-jHGmj2LUuqDcX3hqY12Ql+uhUTn8huuxNZGq7GvtF6bSybzH3aFgedYu/KTzQStEgt1Ra2F3HxadNXsNjb3m3g==",
      "license": "MIT"
    },
    "node_modules/varint": {
      "version": "6.0.0",
      "resolved": "https://registry.npmjs.org/varint/-/varint-6.0.0.tgz",
      "integrity": "sha512-cXEIW6cfr15lFv563k4GuVuW/fiwjknytD37jIOLSdSWuOI6WnO/oKwmP2FQTU2l01LP8/M5TSAJpzUaGe3uWg==",
      "license": "MIT"
    },
    "node_modules/zod": {
      "version": "3.25.76",
      "resolved": "https://registry.npmjs.org/zod/-/zod-3.25.76.tgz",
      "integrity": "sha512-gzUt/qt81nXsFGKIFcC3YnfEAx5NkunCfnDlvuBSSFS02bcXu4Lmea0AFIUwbLWxWPx3d9p8S5QoaujKcNQxcQ==",
      "license": "MIT",
      "funding": {
        "url": "https://github.com/sponsors/colinhacks"
      }
    }
  }
}
